
Microsoft Visual Studio Solution File, Format Version 12.00
# Visual Studio Version 16
VisualStudioVersion = 16.0.30611.23
MinimumVisualStudioVersion = 10.0.40219.1
Project("{FAE04EC0-301F-11D3-BF4B-00C04F79EFBC}") = "PokeApi", "PokeApi\PokeApi.csproj", "{CC67E381-9326-44DD-B01A-3E182DF3E907}"
EndProject
Project("{FAE04EC0-301F-11D3-BF4B-00C04F79EFBC}") = "PokeApi.DataAccess", "PokeApi.DataAccess\PokeApi.DataAccess.csproj", "{E58819CC-0AE4-4CE2-AB4B-5C21FDCECEDE}"
EndProject
Project("{FAE04EC0-301F-11D3-BF4B-00C04F79EFBC}") = "PokeApi.DataAccess.Tests", "PokeApi.DataAccess.Tests\PokeApi.DataAccess.Tests.csproj", "{7FF7CD14-8DB3-40C9-8233-CD492EA6C307}"
EndProject
Project("{FAE04EC0-301F-11D3-BF4B-00C04F79EFBC}") = "PokeApi.UI", "PokeApi.UI\PokeApi.UI.csproj", "{AB436566-0754-4AFE-9620-9C8CD9438A5B}"
EndProject
Project("{FAE04EC0-301F-11D3-BF4B-00C04F79EFBC}") = "PokeApi.Common", "PokeApi.Common\PokeApi.Common.csproj", "{135712CC-9666-462C-8495-D5A2EBB9F731}"
EndProject
Project("{2150E333-8FDC-42A3-9474-1A3956D46DE8}") = "Solution Items", "Solution Items", "{74345097-28DC-42EA-8C08-FC561DB0B7F7}"
	ProjectSection(SolutionItems) = preProject
		README.md = README.md
		Todo.md = Todo.md
	EndProjectSection
EndProject
Global
	GlobalSection(SolutionConfigurationPlatforms) = preSolution
		Debug|Any CPU = Debug|Any CPU
		Release|Any CPU = Release|Any CPU
	EndGlobalSection
	GlobalSection(ProjectConfigurationPlatforms) = postSolution
		{CC67E381-9326-44DD-B01A-3E182DF3E907}.Debug|Any CPU.ActiveCfg = Debug|Any CPU
		{CC67E381-9326-44DD-B01A-3E182DF3E907}.Debug|Any CPU.Build.0 = Debug|Any CPU
		{CC67E381-9326-44DD-B01A-3E182DF3E907}.Release|Any CPU.ActiveCfg = Release|Any CPU
		{CC67E381-9326-44DD-B01A-3E182DF3E907}.Release|Any CPU.Build.0 = Release|Any CPU
		{E58819CC-0AE4-4CE2-AB4B-5C21FDCECEDE}.Debug|Any CPU.ActiveCfg = Debug|Any CPU
		{E58819CC-0AE4-4CE2-AB4B-5C21FDCECEDE}.Debug|Any CPU.Build.0 = Debug|Any CPU
		{E58819CC-0AE4-4CE2-AB4B-5C21FDCECEDE}.Release|Any CPU.ActiveCfg = Release|Any CPU
		{E58819CC-0AE4-4CE2-AB4B-5C21FDCECEDE}.Release|Any CPU.Build.0 = Release|Any CPU
		{7FF7CD14-8DB3-40C9-8233-CD492EA6C307}.Debug|Any CPU.ActiveCfg = Debug|Any CPU
		{7FF7CD14-8DB3-40C9-8233-CD492EA6C307}.Debug|Any CPU.Build.0 = Debug|Any CPU
		{7FF7CD14-8DB3-40C9-8233-CD492EA6C307}.Release|Any CPU.ActiveCfg = Release|Any CPU
		{7FF7CD14-8DB3-40C9-8233-CD492EA6C307}.Release|Any CPU.Build.0 = Release|Any CPU
		{AB436566-0754-4AFE-9620-9C8CD9438A5B}.Debug|Any CPU.ActiveCfg = Debug|Any CPU
		{AB436566-0754-4AFE-9620-9C8CD9438A5B}.Debug|Any CPU.Build.0 = Debug|Any CPU
		{AB436566-0754-4AFE-9620-9C8CD9438A5B}.Release|Any CPU.ActiveCfg = Release|Any CPU
		{AB436566-0754-4AFE-9620-9C8CD9438A5B}.Release|Any CPU.Build.0 = Release|Any CPU
		{135712CC-9666-462C-8495-D5A2EBB9F731}.Debug|Any CPU.ActiveCfg = Debug|Any CPU
		{135712CC-9666-462C-8495-D5A2EBB9F731}.Debug|Any CPU.Build.0 = Debug|Any CPU
		{135712CC-9666-462C-8495-D5A2EBB9F731}.Release|Any CPU.ActiveCfg = Release|Any CPU
		{135712CC-9666-462C-8495-D5A2EBB9F731}.Release|Any CPU.Build.0 = Release|Any CPU
	EndGlobalSection
	GlobalSection(SolutionProperties) = preSolution
		HideSolutionNode = FALSE
	EndGlobalSection
	GlobalSection(ExtensibilityGlobals) = postSolution
		SolutionGuid = {A4E45561-21AD-4401-A065-3B73525AA3CA}
	EndGlobalSection
EndGlobal
